
Microsoft Visual Studio Solution File, Format Version 12.00
Project("{FAE04EC0-301F-11D3-BF4B-00C04F79EFBC}") = "WindowsFormsApp1", "WindowsFormsApp1\WindowsFormsApp1.csproj", "{450A737F-D10E-40BA-9E3D-B3D9CA89ECA9}"
EndProject
Global
	GlobalSection(SolutionConfigurationPlatforms) = preSolution
		Debug|Any CPU = Debug|Any CPU
		Release|Any CPU = Release|Any CPU
	EndGlobalSection
	GlobalSection(ProjectConfigurationPlatforms) = postSolution
		{450A737F-D10E-40BA-9E3D-B3D9CA89ECA9}.Debug|Any CPU.ActiveCfg = Debug|Any CPU
		{450A737F-D10E-40BA-9E3D-B3D9CA89ECA9}.Debug|Any CPU.Build.0 = Debug|Any CPU
		{450A737F-D10E-40BA-9E3D-B3D9CA89ECA9}.Release|Any CPU.ActiveCfg = Release|Any CPU
		{450A737F-D10E-40BA-9E3D-B3D9CA89ECA9}.Release|Any CPU.Build.0 = Release|Any CPU
	EndGlobalSection
EndGlobal
