
Microsoft Visual Studio Solution File, Format Version 12.00
Project("{FAE04EC0-301F-11D3-BF4B-00C04F79EFBC}") = "WindowsFormsApp2", "WindowsFormsApp2\WindowsFormsApp2.csproj", "{E2156F52-9995-4CF1-A6EA-4A00EA7CB8BA}"
EndProject
Global
	GlobalSection(SolutionConfigurationPlatforms) = preSolution
		Debug|Any CPU = Debug|Any CPU
		Release|Any CPU = Release|Any CPU
	EndGlobalSection
	GlobalSection(ProjectConfigurationPlatforms) = postSolution
		{E2156F52-9995-4CF1-A6EA-4A00EA7CB8BA}.Debug|Any CPU.ActiveCfg = Debug|Any CPU
		{E2156F52-9995-4CF1-A6EA-4A00EA7CB8BA}.Debug|Any CPU.Build.0 = Debug|Any CPU
		{E2156F52-9995-4CF1-A6EA-4A00EA7CB8BA}.Release|Any CPU.ActiveCfg = Release|Any CPU
		{E2156F52-9995-4CF1-A6EA-4A00EA7CB8BA}.Release|Any CPU.Build.0 = Release|Any CPU
	EndGlobalSection
EndGlobal
