
Microsoft Visual Studio Solution File, Format Version 12.00
Project("{FAE04EC0-301F-11D3-BF4B-00C04F79EFBC}") = "VectorPro", "VectorPro\VectorPro.csproj", "{44DBD6F0-4A64-4C17-9DFE-76CF7B68DA07}"
EndProject
Global
	GlobalSection(SolutionConfigurationPlatforms) = preSolution
		Debug|Any CPU = Debug|Any CPU
		Release|Any CPU = Release|Any CPU
	EndGlobalSection
	GlobalSection(ProjectConfigurationPlatforms) = postSolution
		{44DBD6F0-4A64-4C17-9DFE-76CF7B68DA07}.Debug|Any CPU.ActiveCfg = Debug|Any CPU
		{44DBD6F0-4A64-4C17-9DFE-76CF7B68DA07}.Debug|Any CPU.Build.0 = Debug|Any CPU
		{44DBD6F0-4A64-4C17-9DFE-76CF7B68DA07}.Release|Any CPU.ActiveCfg = Release|Any CPU
		{44DBD6F0-4A64-4C17-9DFE-76CF7B68DA07}.Release|Any CPU.Build.0 = Release|Any CPU
	EndGlobalSection
EndGlobal
